schema: '2.0'
stages:
  train_model:
    cmd: python src/models/train_model.py  data/raw/IMDB_Dataset.csv 
      models/sentiment_analysis.joblib models/tfidf.joblib
    deps:
    - path: data/raw/IMDB_Dataset.csv
      hash: md5
      md5: 308443a50e5c993e7b8a1cdb95750026
      size: 66212309
    - path: src/models/train_model.py
      hash: md5
      md5: 890e1231b613505bc4327ebf15bd6843
      size: 2101
    outs:
    - path: models/sentiment_analysis.joblib
      hash: md5
      md5: a90bd068be3680bc42b76fae775a9c74
      size: 1223657
  push_model:
    cmd: python src/models/push_model.py models/sentiment_analysis.joblib 
      models/tfidf.joblib
    deps:
    - path: src/models/push_model.py
      hash: md5
      md5: 1dbaa9b10adeff4d0e59a7a054844bd0
      size: 1017
